
Microsoft Visual Studio Solution File, Format Version 12.00
# Visual Studio Version 17
VisualStudioVersion = 17.13.35931.197 d17.13
MinimumVisualStudioVersion = 10.0.40219.1
Project("{FAE04EC0-301F-11D3-BF4B-00C04F79EFBC}") = "14_ColecaoHash", "14_ColecaoHash.csproj", "{B638A08D-B838-4B79-BC05-7EBC0770B1EA}"
EndProject
Global
	GlobalSection(SolutionConfigurationPlatforms) = preSolution
		Debug|Any CPU = Debug|Any CPU
		Release|Any CPU = Release|Any CPU
	EndGlobalSection
	GlobalSection(ProjectConfigurationPlatforms) = postSolution
		{B638A08D-B838-4B79-BC05-7EBC0770B1EA}.Debug|Any CPU.ActiveCfg = Debug|Any CPU
		{B638A08D-B838-4B79-BC05-7EBC0770B1EA}.Debug|Any CPU.Build.0 = Debug|Any CPU
		{B638A08D-B838-4B79-BC05-7EBC0770B1EA}.Release|Any CPU.ActiveCfg = Release|Any CPU
		{B638A08D-B838-4B79-BC05-7EBC0770B1EA}.Release|Any CPU.Build.0 = Release|Any CPU
	EndGlobalSection
	GlobalSection(SolutionProperties) = preSolution
		HideSolutionNode = FALSE
	EndGlobalSection
	GlobalSection(ExtensibilityGlobals) = postSolution
		SolutionGuid = {A202A404-624C-4BA0-A19A-B877D0504289}
	EndGlobalSection
EndGlobal
